
Microsoft Visual Studio Solution File, Format Version 12.00
# Visual Studio Version 16
VisualStudioVersion = 16.0.31005.135
MinimumVisualStudioVersion = 10.0.40219.1
Project("{9A19103F-16F7-4668-BE54-9A1E7A4F7556}") = "pipelines-dotnet-core", "pipelines-dotnet-core.csproj", "{611E8324-5B6B-48B0-8F30-183E4AC37793}"
EndProject
Global
	GlobalSection(SolutionConfigurationPlatforms) = preSolution
		Debug|Any CPU = Debug|Any CPU
		Release|Any CPU = Release|Any CPU
	EndGlobalSection
	GlobalSection(ProjectConfigurationPlatforms) = postSolution
		{611E8324-5B6B-48B0-8F30-183E4AC37793}.Debug|Any CPU.ActiveCfg = Debug|Any CPU
		{611E8324-5B6B-48B0-8F30-183E4AC37793}.Debug|Any CPU.Build.0 = Debug|Any CPU
		{611E8324-5B6B-48B0-8F30-183E4AC37793}.Release|Any CPU.ActiveCfg = Release|Any CPU
		{611E8324-5B6B-48B0-8F30-183E4AC37793}.Release|Any CPU.Build.0 = Release|Any CPU
	EndGlobalSection
	GlobalSection(SolutionProperties) = preSolution
		HideSolutionNode = FALSE
	EndGlobalSection
	GlobalSection(ExtensibilityGlobals) = postSolution
		SolutionGuid = {705A6433-8665-44E0-867A-5B1C6D87EABC}
	EndGlobalSection
EndGlobal
